{
  "name": "Test",
  "lockfileVersion": 3,
  "requires": true,
  "packages": {
    "": {
      "dependencies": {
        "@kjgl77/datav-vue3": "^1.7.4"
      }
    },
    "node_modules/@babel/runtime": {
      "version": "7.25.7",
      "resolved": "https://registry.npmmirror.com/@babel/runtime/-/runtime-7.25.7.tgz",
      "integrity": "sha512-FjoyLe754PMiYsFaN5C94ttGiOmBNYTf6pLr4xXHAT5uctHb092PBszndLDR5XA/jghQvn4n7JMHl7dmTgbm9w==",
      "license": "MIT",
      "dependencies": {
        "regenerator-runtime": "^0.14.0"
      },
      "engines": {
        "node": ">=6.9.0"
      }
    },
    "node_modules/@jiaminghi/bezier-curve": {
      "version": "0.0.9",
      "resolved": "https://registry.npmmirror.com/@jiaminghi/bezier-curve/-/bezier-curve-0.0.9.tgz",
      "integrity": "sha512-u9xJPOEl6Dri2E9FfmJoGxYQY7vYJkURNX04Vj64tdi535tPrpkuf9Sm0lNr3QTKdHQh0DdNRsaa62FLQNQEEw==",
      "license": "MIT",
      "dependencies": {
        "@babel/runtime": "^7.5.5"
      }
    },
    "node_modules/@jiaminghi/c-render": {
      "version": "0.4.3",
      "resolved": "https://registry.npmmirror.com/@jiaminghi/c-render/-/c-render-0.4.3.tgz",
      "integrity": "sha512-FJfzj5hGj7MLqqqI2D7vEzHKbQ1Ynnn7PJKgzsjXaZpJzTqs2Yw5OSeZnm6l7Qj7jyPAP53lFvEQNH4o4j6s+Q==",
      "license": "MIT",
      "dependencies": {
        "@babel/runtime": "^7.5.5",
        "@jiaminghi/bezier-curve": "*",
        "@jiaminghi/color": "*",
        "@jiaminghi/transition": "*"
      }
    },
    "node_modules/@jiaminghi/charts": {
      "version": "0.2.18",
      "resolved": "https://registry.npmmirror.com/@jiaminghi/charts/-/charts-0.2.18.tgz",
      "integrity": "sha512-K+HXaOOeWG9OOY1VG6M4mBreeeIAPhb9X+khG651AbnwEwL6G2UtcAQ8GWCq6GzhczcLwwhIhuaHqRygwHC0sA==",
      "license": "MIT",
      "dependencies": {
        "@babel/runtime": "^7.5.5",
        "@jiaminghi/c-render": "^0.4.3"
      }
    },
    "node_modules/@jiaminghi/color": {
      "version": "1.1.3",
      "resolved": "https://registry.npmmirror.com/@jiaminghi/color/-/color-1.1.3.tgz",
      "integrity": "sha512-ZY3hdorgODk4OSTbxyXBPxAxHPIVf9rPlKJyK1C1db46a50J0reFKpAvfZG8zMG3lvM60IR7Qawgcu4ZDO3+Hg==",
      "license": "MIT"
    },
    "node_modules/@jiaminghi/transition": {
      "version": "1.1.11",
      "resolved": "https://registry.npmmirror.com/@jiaminghi/transition/-/transition-1.1.11.tgz",
      "integrity": "sha512-owBggipoHMikDHHDW5Gc7RZYlVuvxHADiU4bxfjBVkHDAmmck+fCkm46n2JzC3j33hWvP9nSCAeh37t6stgWeg==",
      "license": "MIT",
      "dependencies": {
        "@babel/runtime": "^7.5.5"
      }
    },
    "node_modules/@kjgl77/datav-vue3": {
      "version": "1.7.4",
      "resolved": "https://registry.npmmirror.com/@kjgl77/datav-vue3/-/datav-vue3-1.7.4.tgz",
      "integrity": "sha512-zYVTVKkklUxwtiNKS1qPBilm4rTW+WItfp0zVpaRAI8wgXkLSPbDR9xPq2+UcU/Jft7/DVdMfBp709E2ResuPQ==",
      "license": "MIT",
      "dependencies": {
        "@jiaminghi/c-render": "^0.4.3",
        "@jiaminghi/charts": "^0.2.18",
        "@jiaminghi/color": "^1.1.3",
        "@vueuse/core": "^10.11.1"
      }
    },
    "node_modules/@types/web-bluetooth": {
      "version": "0.0.20",
      "resolved": "https://registry.npmmirror.com/@types/web-bluetooth/-/web-bluetooth-0.0.20.tgz",
      "integrity": "sha512-g9gZnnXVq7gM7v3tJCWV/qw7w+KeOlSHAhgF9RytFyifW6AF61hdT2ucrYhPq9hLs5JIryeupHV3qGk95dH9ow==",
      "license": "MIT"
    },
    "node_modules/@vueuse/core": {
      "version": "10.11.1",
      "resolved": "https://registry.npmmirror.com/@vueuse/core/-/core-10.11.1.tgz",
      "integrity": "sha512-guoy26JQktXPcz+0n3GukWIy/JDNKti9v6VEMu6kV2sYBsWuGiTU8OWdg+ADfUbHg3/3DlqySDe7JmdHrktiww==",
      "license": "MIT",
      "dependencies": {
        "@types/web-bluetooth": "^0.0.20",
        "@vueuse/metadata": "10.11.1",
        "@vueuse/shared": "10.11.1",
        "vue-demi": ">=0.14.8"
      },
      "funding": {
        "url": "https://github.com/sponsors/antfu"
      }
    },
    "node_modules/@vueuse/metadata": {
      "version": "10.11.1",
      "resolved": "https://registry.npmmirror.com/@vueuse/metadata/-/metadata-10.11.1.tgz",
      "integrity": "sha512-IGa5FXd003Ug1qAZmyE8wF3sJ81xGLSqTqtQ6jaVfkeZ4i5kS2mwQF61yhVqojRnenVew5PldLyRgvdl4YYuSw==",
      "license": "MIT",
      "funding": {
        "url": "https://github.com/sponsors/antfu"
      }
    },
    "node_modules/@vueuse/shared": {
      "version": "10.11.1",
      "resolved": "https://registry.npmmirror.com/@vueuse/shared/-/shared-10.11.1.tgz",
      "integrity": "sha512-LHpC8711VFZlDaYUXEBbFBCQ7GS3dVU9mjOhhMhXP6txTV4EhYQg/KGnQuvt/sPAtoUKq7VVUnL6mVtFoL42sA==",
      "license": "MIT",
      "dependencies": {
        "vue-demi": ">=0.14.8"
      },
      "funding": {
        "url": "https://github.com/sponsors/antfu"
      }
    },
    "node_modules/regenerator-runtime": {
      "version": "0.14.1",
      "resolved": "https://registry.npmmirror.com/regenerator-runtime/-/regenerator-runtime-0.14.1.tgz",
      "integrity": "sha512-dYnhHh0nJoMfnkZs6GmmhFknAGRrLznOu5nc9ML+EJxGvrx6H7teuevqVqCuPcPK//3eDrrjQhehXVx9cnkGdw==",
      "license": "MIT"
    },
    "node_modules/vue": {
      "version": "2.6.14",
      "resolved": "https://registry.npmmirror.com/vue/-/vue-2.6.14.tgz",
      "integrity": "sha512-x2284lgYvjOMj3Za7kqzRcUSxBboHqtgRE2zlos1qWaOye5yUmHn42LB1250NJBLRwEcdrB0JRwyPTEPhfQjiQ==",
      "deprecated": "Vue 2 has reached EOL and is no longer actively maintained. See https://v2.vuejs.org/eol/ for more details.",
      "license": "MIT",
      "peer": true
    },
    "node_modules/vue-demi": {
      "version": "0.14.10",
      "resolved": "https://registry.npmmirror.com/vue-demi/-/vue-demi-0.14.10.tgz",
      "integrity": "sha512-nMZBOwuzabUO0nLgIcc6rycZEebF6eeUfaiQx9+WSk8e29IbLvPU9feI6tqW4kTo3hvoYAJkMh8n8D0fuISphg==",
      "hasInstallScript": true,
      "license": "MIT",
      "bin": {
        "vue-demi-fix": "bin/vue-demi-fix.js",
        "vue-demi-switch": "bin/vue-demi-switch.js"
      },
      "engines": {
        "node": ">=12"
      },
      "funding": {
        "url": "https://github.com/sponsors/antfu"
      },
      "peerDependencies": {
        "@vue/composition-api": "^1.0.0-rc.1",
        "vue": "^3.0.0-0 || ^2.6.0"
      },
      "peerDependenciesMeta": {
        "@vue/composition-api": {
          "optional": true
        }
      }
    }
  }
}
